
Microsoft Visual Studio Solution File, Format Version 12.00
# Visual Studio 15
VisualStudioVersion = 15.0.27428.2005
MinimumVisualStudioVersion = 10.0.40219.1
Project("{FAE04EC0-301F-11D3-BF4B-00C04F79EFBC}") = "App.Android", "App\App.Android\App.Android.csproj", "{38430B7A-D9C6-43F7-8B7C-A0D6DD111FF4}"
EndProject
Project("{FAE04EC0-301F-11D3-BF4B-00C04F79EFBC}") = "App.iOS", "App\App.iOS\App.iOS.csproj", "{340AD51C-9ECE-42EF-8648-7E967B479E16}"
EndProject
Project("{FAE04EC0-301F-11D3-BF4B-00C04F79EFBC}") = "App.UWP", "App\App.UWP\App.UWP.csproj", "{57FE1039-A968-40DD-B332-ED6D7B2B7652}"
EndProject
Project("{D954291E-2A0B-460D-934E-DC6B0785DB48}") = "App", "App\App\App.shproj", "{DB9B8E63-197D-4DA3-9EF7-E3EE3FE87B6B}"
EndProject
Global
	GlobalSection(SharedMSBuildProjectFiles) = preSolution
		App\App\App.projitems*{340ad51c-9ece-42ef-8648-7e967b479e16}*SharedItemsImports = 4
		App\App\App.projitems*{38430b7a-d9c6-43f7-8b7c-a0d6dd111ff4}*SharedItemsImports = 4
		App\App\App.projitems*{57fe1039-a968-40dd-b332-ed6d7b2b7652}*SharedItemsImports = 4
		App\App\App.projitems*{db9b8e63-197d-4da3-9ef7-e3ee3fe87b6b}*SharedItemsImports = 13
	EndGlobalSection
	GlobalSection(SolutionConfigurationPlatforms) = preSolution
		Ad-Hoc|Any CPU = Ad-Hoc|Any CPU
		Ad-Hoc|ARM = Ad-Hoc|ARM
		Ad-Hoc|iPhone = Ad-Hoc|iPhone
		Ad-Hoc|iPhoneSimulator = Ad-Hoc|iPhoneSimulator
		Ad-Hoc|x64 = Ad-Hoc|x64
		Ad-Hoc|x86 = Ad-Hoc|x86
		AppStore|Any CPU = AppStore|Any CPU
		AppStore|ARM = AppStore|ARM
		AppStore|iPhone = AppStore|iPhone
		AppStore|iPhoneSimulator = AppStore|iPhoneSimulator
		AppStore|x64 = AppStore|x64
		AppStore|x86 = AppStore|x86
		Debug|Any CPU = Debug|Any CPU
		Debug|ARM = Debug|ARM
		Debug|iPhone = Debug|iPhone
		Debug|iPhoneSimulator = Debug|iPhoneSimulator
		Debug|x64 = Debug|x64
		Debug|x86 = Debug|x86
		Release|Any CPU = Release|Any CPU
		Release|ARM = Release|ARM
		Release|iPhone = Release|iPhone
		Release|iPhoneSimulator = Release|iPhoneSimulator
		Release|x64 = Release|x64
		Release|x86 = Release|x86
	EndGlobalSection
	GlobalSection(ProjectConfigurationPlatforms) = postSolution
		{38430B7A-D9C6-43F7-8B7C-A0D6DD111FF4}.Ad-Hoc|Any CPU.ActiveCfg = Release|Any CPU
		{38430B7A-D9C6-43F7-8B7C-A0D6DD111FF4}.Ad-Hoc|Any CPU.Build.0 = Release|Any CPU
		{38430B7A-D9C6-43F7-8B7C-A0D6DD111FF4}.Ad-Hoc|Any CPU.Deploy.0 = Release|Any CPU
		{38430B7A-D9C6-43F7-8B7C-A0D6DD111FF4}.Ad-Hoc|ARM.ActiveCfg = Release|Any CPU
		{38430B7A-D9C6-43F7-8B7C-A0D6DD111FF4}.Ad-Hoc|ARM.Build.0 = Release|Any CPU
		{38430B7A-D9C6-43F7-8B7C-A0D6DD111FF4}.Ad-Hoc|ARM.Deploy.0 = Release|Any CPU
		{38430B7A-D9C6-43F7-8B7C-A0D6DD111FF4}.Ad-Hoc|iPhone.ActiveCfg = Release|Any CPU
		{38430B7A-D9C6-43F7-8B7C-A0D6DD111FF4}.Ad-Hoc|iPhone.Build.0 = Release|Any CPU
		{38430B7A-D9C6-43F7-8B7C-A0D6DD111FF4}.Ad-Hoc|iPhone.Deploy.0 = Release|Any CPU
		{38430B7A-D9C6-43F7-8B7C-A0D6DD111FF4}.Ad-Hoc|iPhoneSimulator.ActiveCfg = Release|Any CPU
		{38430B7A-D9C6-43F7-8B7C-A0D6DD111FF4}.Ad-Hoc|iPhoneSimulator.Build.0 = Release|Any CPU
		{38430B7A-D9C6-43F7-8B7C-A0D6DD111FF4}.Ad-Hoc|iPhoneSimulator.Deploy.0 = Release|Any CPU
		{38430B7A-D9C6-43F7-8B7C-A0D6DD111FF4}.Ad-Hoc|x64.ActiveCfg = Release|Any CPU
		{38430B7A-D9C6-43F7-8B7C-A0D6DD111FF4}.Ad-Hoc|x64.Build.0 = Release|Any CPU
		{38430B7A-D9C6-43F7-8B7C-A0D6DD111FF4}.Ad-Hoc|x64.Deploy.0 = Release|Any CPU
		{38430B7A-D9C6-43F7-8B7C-A0D6DD111FF4}.Ad-Hoc|x86.ActiveCfg = Release|Any CPU
		{38430B7A-D9C6-43F7-8B7C-A0D6DD111FF4}.Ad-Hoc|x86.Build.0 = Release|Any CPU
		{38430B7A-D9C6-43F7-8B7C-A0D6DD111FF4}.Ad-Hoc|x86.Deploy.0 = Release|Any CPU
		{38430B7A-D9C6-43F7-8B7C-A0D6DD111FF4}.AppStore|Any CPU.ActiveCfg = Release|Any CPU
		{38430B7A-D9C6-43F7-8B7C-A0D6DD111FF4}.AppStore|Any CPU.Build.0 = Release|Any CPU
		{38430B7A-D9C6-43F7-8B7C-A0D6DD111FF4}.AppStore|Any CPU.Deploy.0 = Release|Any CPU
		{38430B7A-D9C6-43F7-8B7C-A0D6DD111FF4}.AppStore|ARM.ActiveCfg = Release|Any CPU
		{38430B7A-D9C6-43F7-8B7C-A0D6DD111FF4}.AppStore|ARM.Build.0 = Release|Any CPU
		{38430B7A-D9C6-43F7-8B7C-A0D6DD111FF4}.AppStore|ARM.Deploy.0 = Release|Any CPU
		{38430B7A-D9C6-43F7-8B7C-A0D6DD111FF4}.AppStore|iPhone.ActiveCfg = Release|Any CPU
		{38430B7A-D9C6-43F7-8B7C-A0D6DD111FF4}.AppStore|iPhone.Build.0 = Release|Any CPU
		{38430B7A-D9C6-43F7-8B7C-A0D6DD111FF4}.AppStore|iPhone.Deploy.0 = Release|Any CPU
		{38430B7A-D9C6-43F7-8B7C-A0D6DD111FF4}.AppStore|iPhoneSimulator.ActiveCfg = Release|Any CPU
		{38430B7A-D9C6-43F7-8B7C-A0D6DD111FF4}.AppStore|iPhoneSimulator.Build.0 = Release|Any CPU
		{38430B7A-D9C6-43F7-8B7C-A0D6DD111FF4}.AppStore|iPhoneSimulator.Deploy.0 = Release|Any CPU
		{38430B7A-D9C6-43F7-8B7C-A0D6DD111FF4}.AppStore|x64.ActiveCfg = Release|Any CPU
		{38430B7A-D9C6-43F7-8B7C-A0D6DD111FF4}.AppStore|x64.Build.0 = Release|Any CPU
		{38430B7A-D9C6-43F7-8B7C-A0D6DD111FF4}.AppStore|x64.Deploy.0 = Release|Any CPU
		{38430B7A-D9C6-43F7-8B7C-A0D6DD111FF4}.AppStore|x86.ActiveCfg = Release|Any CPU
		{38430B7A-D9C6-43F7-8B7C-A0D6DD111FF4}.AppStore|x86.Build.0 = Release|Any CPU
		{38430B7A-D9C6-43F7-8B7C-A0D6DD111FF4}.AppStore|x86.Deploy.0 = Release|Any CPU
		{38430B7A-D9C6-43F7-8B7C-A0D6DD111FF4}.Debug|Any CPU.ActiveCfg = Debug|Any CPU
		{38430B7A-D9C6-43F7-8B7C-A0D6DD111FF4}.Debug|Any CPU.Build.0 = Debug|Any CPU
		{38430B7A-D9C6-43F7-8B7C-A0D6DD111FF4}.Debug|Any CPU.Deploy.0 = Debug|Any CPU
		{38430B7A-D9C6-43F7-8B7C-A0D6DD111FF4}.Debug|ARM.ActiveCfg = Debug|Any CPU
		{38430B7A-D9C6-43F7-8B7C-A0D6DD111FF4}.Debug|ARM.Build.0 = Debug|Any CPU
		{38430B7A-D9C6-43F7-8B7C-A0D6DD111FF4}.Debug|ARM.Deploy.0 = Debug|Any CPU
		{38430B7A-D9C6-43F7-8B7C-A0D6DD111FF4}.Debug|iPhone.ActiveCfg = Debug|Any CPU
		{38430B7A-D9C6-43F7-8B7C-A0D6DD111FF4}.Debug|iPhone.Build.0 = Debug|Any CPU
		{38430B7A-D9C6-43F7-8B7C-A0D6DD111FF4}.Debug|iPhone.Deploy.0 = Debug|Any CPU
		{38430B7A-D9C6-43F7-8B7C-A0D6DD111FF4}.Debug|iPhoneSimulator.ActiveCfg = Debug|Any CPU
		{38430B7A-D9C6-43F7-8B7C-A0D6DD111FF4}.Debug|iPhoneSimulator.Build.0 = Debug|Any CPU
		{38430B7A-D9C6-43F7-8B7C-A0D6DD111FF4}.Debug|iPhoneSimulator.Deploy.0 = Debug|Any CPU
		{38430B7A-D9C6-43F7-8B7C-A0D6DD111FF4}.Debug|x64.ActiveCfg = Debug|Any CPU
		{38430B7A-D9C6-43F7-8B7C-A0D6DD111FF4}.Debug|x64.Build.0 = Debug|Any CPU
		{38430B7A-D9C6-43F7-8B7C-A0D6DD111FF4}.Debug|x64.Deploy.0 = Debug|Any CPU
		{38430B7A-D9C6-43F7-8B7C-A0D6DD111FF4}.Debug|x86.ActiveCfg = Debug|Any CPU
		{38430B7A-D9C6-43F7-8B7C-A0D6DD111FF4}.Debug|x86.Build.0 = Debug|Any CPU
		{38430B7A-D9C6-43F7-8B7C-A0D6DD111FF4}.Debug|x86.Deploy.0 = Debug|Any CPU
		{38430B7A-D9C6-43F7-8B7C-A0D6DD111FF4}.Release|Any CPU.ActiveCfg = Release|Any CPU
		{38430B7A-D9C6-43F7-8B7C-A0D6DD111FF4}.Release|Any CPU.Build.0 = Release|Any CPU
		{38430B7A-D9C6-43F7-8B7C-A0D6DD111FF4}.Release|Any CPU.Deploy.0 = Release|Any CPU
		{38430B7A-D9C6-43F7-8B7C-A0D6DD111FF4}.Release|ARM.ActiveCfg = Release|Any CPU
		{38430B7A-D9C6-43F7-8B7C-A0D6DD111FF4}.Release|ARM.Build.0 = Release|Any CPU
		{38430B7A-D9C6-43F7-8B7C-A0D6DD111FF4}.Release|ARM.Deploy.0 = Release|Any CPU
		{38430B7A-D9C6-43F7-8B7C-A0D6DD111FF4}.Release|iPhone.ActiveCfg = Release|Any CPU
		{38430B7A-D9C6-43F7-8B7C-A0D6DD111FF4}.Release|iPhone.Build.0 = Release|Any CPU
		{38430B7A-D9C6-43F7-8B7C-A0D6DD111FF4}.Release|iPhone.Deploy.0 = Release|Any CPU
		{38430B7A-D9C6-43F7-8B7C-A0D6DD111FF4}.Release|iPhoneSimulator.ActiveCfg = Release|Any CPU
		{38430B7A-D9C6-43F7-8B7C-A0D6DD111FF4}.Release|iPhoneSimulator.Build.0 = Release|Any CPU
		{38430B7A-D9C6-43F7-8B7C-A0D6DD111FF4}.Release|iPhoneSimulator.Deploy.0 = Release|Any CPU
		{38430B7A-D9C6-43F7-8B7C-A0D6DD111FF4}.Release|x64.ActiveCfg = Release|Any CPU
		{38430B7A-D9C6-43F7-8B7C-A0D6DD111FF4}.Release|x64.Build.0 = Release|Any CPU
		{38430B7A-D9C6-43F7-8B7C-A0D6DD111FF4}.Release|x64.Deploy.0 = Release|Any CPU
		{38430B7A-D9C6-43F7-8B7C-A0D6DD111FF4}.Release|x86.ActiveCfg = Release|Any CPU
		{38430B7A-D9C6-43F7-8B7C-A0D6DD111FF4}.Release|x86.Build.0 = Release|Any CPU
		{38430B7A-D9C6-43F7-8B7C-A0D6DD111FF4}.Release|x86.Deploy.0 = Release|Any CPU
		{340AD51C-9ECE-42EF-8648-7E967B479E16}.Ad-Hoc|Any CPU.ActiveCfg = Ad-Hoc|iPhone
		{340AD51C-9ECE-42EF-8648-7E967B479E16}.Ad-Hoc|ARM.ActiveCfg = Ad-Hoc|iPhone
		{340AD51C-9ECE-42EF-8648-7E967B479E16}.Ad-Hoc|iPhone.ActiveCfg = Ad-Hoc|iPhone
		{340AD51C-9ECE-42EF-8648-7E967B479E16}.Ad-Hoc|iPhone.Build.0 = Ad-Hoc|iPhone
		{340AD51C-9ECE-42EF-8648-7E967B479E16}.Ad-Hoc|iPhoneSimulator.ActiveCfg = Ad-Hoc|iPhoneSimulator
		{340AD51C-9ECE-42EF-8648-7E967B479E16}.Ad-Hoc|iPhoneSimulator.Build.0 = Ad-Hoc|iPhoneSimulator
		{340AD51C-9ECE-42EF-8648-7E967B479E16}.Ad-Hoc|x64.ActiveCfg = Ad-Hoc|iPhone
		{340AD51C-9ECE-42EF-8648-7E967B479E16}.Ad-Hoc|x86.ActiveCfg = Ad-Hoc|iPhone
		{340AD51C-9ECE-42EF-8648-7E967B479E16}.AppStore|Any CPU.ActiveCfg = AppStore|iPhone
		{340AD51C-9ECE-42EF-8648-7E967B479E16}.AppStore|ARM.ActiveCfg = AppStore|iPhone
		{340AD51C-9ECE-42EF-8648-7E967B479E16}.AppStore|iPhone.ActiveCfg = AppStore|iPhone
		{340AD51C-9ECE-42EF-8648-7E967B479E16}.AppStore|iPhone.Build.0 = AppStore|iPhone
		{340AD51C-9ECE-42EF-8648-7E967B479E16}.AppStore|iPhoneSimulator.ActiveCfg = AppStore|iPhoneSimulator
		{340AD51C-9ECE-42EF-8648-7E967B479E16}.AppStore|iPhoneSimulator.Build.0 = AppStore|iPhoneSimulator
		{340AD51C-9ECE-42EF-8648-7E967B479E16}.AppStore|x64.ActiveCfg = AppStore|iPhone
		{340AD51C-9ECE-42EF-8648-7E967B479E16}.AppStore|x86.ActiveCfg = AppStore|iPhone
		{340AD51C-9ECE-42EF-8648-7E967B479E16}.Debug|Any CPU.ActiveCfg = Debug|iPhone
		{340AD51C-9ECE-42EF-8648-7E967B479E16}.Debug|ARM.ActiveCfg = Debug|iPhone
		{340AD51C-9ECE-42EF-8648-7E967B479E16}.Debug|iPhone.ActiveCfg = Debug|iPhone
		{340AD51C-9ECE-42EF-8648-7E967B479E16}.Debug|iPhone.Build.0 = Debug|iPhone
		{340AD51C-9ECE-42EF-8648-7E967B479E16}.Debug|iPhoneSimulator.ActiveCfg = Debug|iPhoneSimulator
		{340AD51C-9ECE-42EF-8648-7E967B479E16}.Debug|iPhoneSimulator.Build.0 = Debug|iPhoneSimulator
		{340AD51C-9ECE-42EF-8648-7E967B479E16}.Debug|x64.ActiveCfg = Debug|iPhone
		{340AD51C-9ECE-42EF-8648-7E967B479E16}.Debug|x86.ActiveCfg = Debug|iPhone
		{340AD51C-9ECE-42EF-8648-7E967B479E16}.Release|Any CPU.ActiveCfg = Release|iPhone
		{340AD51C-9ECE-42EF-8648-7E967B479E16}.Release|ARM.ActiveCfg = Release|iPhone
		{340AD51C-9ECE-42EF-8648-7E967B479E16}.Release|iPhone.ActiveCfg = Release|iPhone
		{340AD51C-9ECE-42EF-8648-7E967B479E16}.Release|iPhone.Build.0 = Release|iPhone
		{340AD51C-9ECE-42EF-8648-7E967B479E16}.Release|iPhoneSimulator.ActiveCfg = Release|iPhoneSimulator
		{340AD51C-9ECE-42EF-8648-7E967B479E16}.Release|iPhoneSimulator.Build.0 = Release|iPhoneSimulator
		{340AD51C-9ECE-42EF-8648-7E967B479E16}.Release|x64.ActiveCfg = Release|iPhone
		{340AD51C-9ECE-42EF-8648-7E967B479E16}.Release|x86.ActiveCfg = Release|iPhone
		{57FE1039-A968-40DD-B332-ED6D7B2B7652}.Ad-Hoc|Any CPU.ActiveCfg = Release|x86
		{57FE1039-A968-40DD-B332-ED6D7B2B7652}.Ad-Hoc|Any CPU.Build.0 = Release|x86
		{57FE1039-A968-40DD-B332-ED6D7B2B7652}.Ad-Hoc|Any CPU.Deploy.0 = Release|x86
		{57FE1039-A968-40DD-B332-ED6D7B2B7652}.Ad-Hoc|ARM.ActiveCfg = Release|ARM
		{57FE1039-A968-40DD-B332-ED6D7B2B7652}.Ad-Hoc|ARM.Build.0 = Release|ARM
		{57FE1039-A968-40DD-B332-ED6D7B2B7652}.Ad-Hoc|ARM.Deploy.0 = Release|ARM
		{57FE1039-A968-40DD-B332-ED6D7B2B7652}.Ad-Hoc|iPhone.ActiveCfg = Release|x86
		{57FE1039-A968-40DD-B332-ED6D7B2B7652}.Ad-Hoc|iPhone.Build.0 = Release|x86
		{57FE1039-A968-40DD-B332-ED6D7B2B7652}.Ad-Hoc|iPhone.Deploy.0 = Release|x86
		{57FE1039-A968-40DD-B332-ED6D7B2B7652}.Ad-Hoc|iPhoneSimulator.ActiveCfg = Release|x86
		{57FE1039-A968-40DD-B332-ED6D7B2B7652}.Ad-Hoc|iPhoneSimulator.Build.0 = Release|x86
		{57FE1039-A968-40DD-B332-ED6D7B2B7652}.Ad-Hoc|iPhoneSimulator.Deploy.0 = Release|x86
		{57FE1039-A968-40DD-B332-ED6D7B2B7652}.Ad-Hoc|x64.ActiveCfg = Release|x64
		{57FE1039-A968-40DD-B332-ED6D7B2B7652}.Ad-Hoc|x64.Build.0 = Release|x64
		{57FE1039-A968-40DD-B332-ED6D7B2B7652}.Ad-Hoc|x64.Deploy.0 = Release|x64
		{57FE1039-A968-40DD-B332-ED6D7B2B7652}.Ad-Hoc|x86.ActiveCfg = Release|x86
		{57FE1039-A968-40DD-B332-ED6D7B2B7652}.Ad-Hoc|x86.Build.0 = Release|x86
		{57FE1039-A968-40DD-B332-ED6D7B2B7652}.Ad-Hoc|x86.Deploy.0 = Release|x86
		{57FE1039-A968-40DD-B332-ED6D7B2B7652}.AppStore|Any CPU.ActiveCfg = Release|x86
		{57FE1039-A968-40DD-B332-ED6D7B2B7652}.AppStore|Any CPU.Build.0 = Release|x86
		{57FE1039-A968-40DD-B332-ED6D7B2B7652}.AppStore|Any CPU.Deploy.0 = Release|x86
		{57FE1039-A968-40DD-B332-ED6D7B2B7652}.AppStore|ARM.ActiveCfg = Release|ARM
		{57FE1039-A968-40DD-B332-ED6D7B2B7652}.AppStore|ARM.Build.0 = Release|ARM
		{57FE1039-A968-40DD-B332-ED6D7B2B7652}.AppStore|ARM.Deploy.0 = Release|ARM
		{57FE1039-A968-40DD-B332-ED6D7B2B7652}.AppStore|iPhone.ActiveCfg = Release|x86
		{57FE1039-A968-40DD-B332-ED6D7B2B7652}.AppStore|iPhone.Build.0 = Release|x86
		{57FE1039-A968-40DD-B332-ED6D7B2B7652}.AppStore|iPhone.Deploy.0 = Release|x86
		{57FE1039-A968-40DD-B332-ED6D7B2B7652}.AppStore|iPhoneSimulator.ActiveCfg = Release|x86
		{57FE1039-A968-40DD-B332-ED6D7B2B7652}.AppStore|iPhoneSimulator.Build.0 = Release|x86
		{57FE1039-A968-40DD-B332-ED6D7B2B7652}.AppStore|iPhoneSimulator.Deploy.0 = Release|x86
		{57FE1039-A968-40DD-B332-ED6D7B2B7652}.AppStore|x64.ActiveCfg = Release|x64
		{57FE1039-A968-40DD-B332-ED6D7B2B7652}.AppStore|x64.Build.0 = Release|x64
		{57FE1039-A968-40DD-B332-ED6D7B2B7652}.AppStore|x64.Deploy.0 = Release|x64
		{57FE1039-A968-40DD-B332-ED6D7B2B7652}.AppStore|x86.ActiveCfg = Release|x86
		{57FE1039-A968-40DD-B332-ED6D7B2B7652}.AppStore|x86.Build.0 = Release|x86
		{57FE1039-A968-40DD-B332-ED6D7B2B7652}.AppStore|x86.Deploy.0 = Release|x86
		{57FE1039-A968-40DD-B332-ED6D7B2B7652}.Debug|Any CPU.ActiveCfg = Debug|x86
		{57FE1039-A968-40DD-B332-ED6D7B2B7652}.Debug|ARM.ActiveCfg = Debug|ARM
		{57FE1039-A968-40DD-B332-ED6D7B2B7652}.Debug|ARM.Build.0 = Debug|ARM
		{57FE1039-A968-40DD-B332-ED6D7B2B7652}.Debug|ARM.Deploy.0 = Debug|ARM
		{57FE1039-A968-40DD-B332-ED6D7B2B7652}.Debug|iPhone.ActiveCfg = Debug|x86
		{57FE1039-A968-40DD-B332-ED6D7B2B7652}.Debug|iPhoneSimulator.ActiveCfg = Debug|x86
		{57FE1039-A968-40DD-B332-ED6D7B2B7652}.Debug|x64.ActiveCfg = Debug|x64
		{57FE1039-A968-40DD-B332-ED6D7B2B7652}.Debug|x64.Build.0 = Debug|x64
		{57FE1039-A968-40DD-B332-ED6D7B2B7652}.Debug|x64.Deploy.0 = Debug|x64
		{57FE1039-A968-40DD-B332-ED6D7B2B7652}.Debug|x86.ActiveCfg = Debug|x86
		{57FE1039-A968-40DD-B332-ED6D7B2B7652}.Debug|x86.Build.0 = Debug|x86
		{57FE1039-A968-40DD-B332-ED6D7B2B7652}.Debug|x86.Deploy.0 = Debug|x86
		{57FE1039-A968-40DD-B332-ED6D7B2B7652}.Release|Any CPU.ActiveCfg = Release|x86
		{57FE1039-A968-40DD-B332-ED6D7B2B7652}.Release|ARM.ActiveCfg = Release|ARM
		{57FE1039-A968-40DD-B332-ED6D7B2B7652}.Release|ARM.Build.0 = Release|ARM
		{57FE1039-A968-40DD-B332-ED6D7B2B7652}.Release|ARM.Deploy.0 = Release|ARM
		{57FE1039-A968-40DD-B332-ED6D7B2B7652}.Release|iPhone.ActiveCfg = Release|x86
		{57FE1039-A968-40DD-B332-ED6D7B2B7652}.Release|iPhoneSimulator.ActiveCfg = Release|x86
		{57FE1039-A968-40DD-B332-ED6D7B2B7652}.Release|x64.ActiveCfg = Release|x64
		{57FE1039-A968-40DD-B332-ED6D7B2B7652}.Release|x64.Build.0 = Release|x64
		{57FE1039-A968-40DD-B332-ED6D7B2B7652}.Release|x64.Deploy.0 = Release|x64
		{57FE1039-A968-40DD-B332-ED6D7B2B7652}.Release|x86.ActiveCfg = Release|x86
		{57FE1039-A968-40DD-B332-ED6D7B2B7652}.Release|x86.Build.0 = Release|x86
		{57FE1039-A968-40DD-B332-ED6D7B2B7652}.Release|x86.Deploy.0 = Release|x86
	EndGlobalSection
	GlobalSection(SolutionProperties) = preSolution
		HideSolutionNode = FALSE
	EndGlobalSection
	GlobalSection(ExtensibilityGlobals) = postSolution
		SolutionGuid = {B21D9F9F-B506-4508-9711-F17C05770820}
	EndGlobalSection
EndGlobal
